
Microsoft Visual Studio Solution File, Format Version 12.00
# Visual Studio for Mac
Project("{FAE04EC0-301F-11D3-BF4B-00C04F79EFBC}") = "Assembly-CSharp", "Assembly-CSharp.csproj", "{B8C4A568-73D4-5CC9-B441-AA9932140474}"
EndProject
Project("{FAE04EC0-301F-11D3-BF4B-00C04F79EFBC}") = "Assembly-CSharp-Editor", "Assembly-CSharp-Editor.csproj", "{6065C875-4B4D-68ED-39A7-3267CCF5A3EC}"
EndProject
Global
	GlobalSection(SolutionConfigurationPlatforms) = preSolution
		Debug|Any CPU = Debug|Any CPU
		Release|Any CPU = Release|Any CPU
	EndGlobalSection
	GlobalSection(ProjectConfigurationPlatforms) = postSolution
		{B8C4A568-73D4-5CC9-B441-AA9932140474}.Debug|Any CPU.ActiveCfg = Debug|Any CPU
		{B8C4A568-73D4-5CC9-B441-AA9932140474}.Debug|Any CPU.Build.0 = Debug|Any CPU
		{B8C4A568-73D4-5CC9-B441-AA9932140474}.Release|Any CPU.ActiveCfg = Release|Any CPU
		{B8C4A568-73D4-5CC9-B441-AA9932140474}.Release|Any CPU.Build.0 = Release|Any CPU
		{6065C875-4B4D-68ED-39A7-3267CCF5A3EC}.Debug|Any CPU.ActiveCfg = Debug|Any CPU
		{6065C875-4B4D-68ED-39A7-3267CCF5A3EC}.Debug|Any CPU.Build.0 = Debug|Any CPU
		{6065C875-4B4D-68ED-39A7-3267CCF5A3EC}.Release|Any CPU.ActiveCfg = Release|Any CPU
		{6065C875-4B4D-68ED-39A7-3267CCF5A3EC}.Release|Any CPU.Build.0 = Release|Any CPU
	EndGlobalSection
	GlobalSection(SolutionProperties) = preSolution
		HideSolutionNode = FALSE
	EndGlobalSection
EndGlobal
